// !$*UTF8*$!
{
	archiveVersion = 1;
	classes = {
	};
	objectVersion = 46;
	objects = {

/* Begin PBXBuildFile section */
		A959C4891B57F15600FA1481 /* Storyboard_2.storyboard in Resources */ = {isa = PBXBuildFile; fileRef = A959C4881B57F15600FA1481 /* Storyboard_2.storyboard */; };
		A959C48B1B57F16500FA1481 /* Storyboard_3.storyboard in Resources */ = {isa = PBXBuildFile; fileRef = A959C48A1B57F16500FA1481 /* Storyboard_3.storyboard */; };
		A97CEFAF1B57F2F0000BCBF7 /* Storyboard_1.storyboard in Resources */ = {isa = PBXBuildFile; fileRef = A97CEFAE1B57F2F0000BCBF7 /* Storyboard_1.storyboard */; };
		A9C67A1E1B57ED0100010951 /* main.m in Sources */ = {isa = PBXBuildFile; fileRef = A9C67A1D1B57ED0100010951 /* main.m */; };
		A9C67A211B57ED0100010951 /* AppDelegate.m in Sources */ = {isa = PBXBuildFile; fileRef = A9C67A201B57ED0100010951 /* AppDelegate.m */; };
		A9C67A241B57ED0100010951 /* ViewController.m in Sources */ = {isa = PBXBuildFile; fileRef = A9C67A231B57ED0100010951 /* ViewController.m */; };
		A9C67A271B57ED0100010951 /* Main.storyboard in Resources */ = {isa = PBXBuildFile; fileRef = A9C67A251B57ED0100010951 /* Main.storyboard */; };
		A9C67A291B57ED0100010951 /* Images.xcassets in Resources */ = {isa = PBXBuildFile; fileRef = A9C67A281B57ED0100010951 /* Images.xcassets */; };
		A9C67A2C1B57ED0100010951 /* LaunchScreen.xib in Resources */ = {isa = PBXBuildFile; fileRef = A9C67A2A1B57ED0100010951 /* LaunchScreen.xib */; };
		A9C67A381B57ED0100010951 /* SharryyTests.m in Sources */ = {isa = PBXBuildFile; fileRef = A9C67A371B57ED0100010951 /* SharryyTests.m */; };
/* End PBXBuildFile section */

/* Begin PBXContainerItemProxy section */
		A9C67A321B57ED0100010951 /* PBXContainerItemProxy */ = {
			isa = PBXContainerItemProxy;
			containerPortal = A9C67A101B57ED0100010951 /* Project object */;
			proxyType = 1;
			remoteGlobalIDString = A9C67A171B57ED0100010951;
			remoteInfo = Sharryy;
		};
/* End PBXContainerItemProxy section */

/* Begin PBXFileReference section */
		A959C4881B57F15600FA1481 /* Storyboard_2.storyboard */ = {isa = PBXFileReference; fileEncoding = 4; lastKnownFileType = file.storyboard; path = Storyboard_2.storyboard; sourceTree = "<group>"; };
		A959C48A1B57F16500FA1481 /* Storyboard_3.storyboard */ = {isa = PBXFileReference; fileEncoding = 4; lastKnownFileType = file.storyboard; path = Storyboard_3.storyboard; sourceTree = "<group>"; };
		A97CEFAE1B57F2F0000BCBF7 /* Storyboard_1.storyboard */ = {isa = PBXFileReference; fileEncoding = 4; lastKnownFileType = file.storyboard; path = Storyboard_1.storyboard; sourceTree = "<group>"; };
		A9C67A181B57ED0100010951 /* Sharryy.app */ = {isa = PBXFileReference; explicitFileType = wrapper.application; includeInIndex = 0; path = Sharryy.app; sourceTree = BUILT_PRODUCTS_DIR; };
		A9C67A1C1B57ED0100010951 /* Info.plist */ = {isa = PBXFileReference; lastKnownFileType = text.plist.xml; path = Info.plist; sourceTree = "<group>"; };
		A9C67A1D1B57ED0100010951 /* main.m */ = {isa = PBXFileReference; lastKnownFileType = sourcecode.c.objc; path = main.m; sourceTree = "<group>"; };
		A9C67A1F1B57ED0100010951 /* AppDelegate.h */ = {isa = PBXFileReference; lastKnownFileType = sourcecode.c.h; path = AppDelegate.h; sourceTree = "<group>"; };
		A9C67A201B57ED0100010951 /* AppDelegate.m */ = {isa = PBXFileReference; lastKnownFileType = sourcecode.c.objc; path = AppDelegate.m; sourceTree = "<group>"; };
		A9C67A221B57ED0100010951 /* ViewController.h */ = {isa = PBXFileReference; lastKnownFileType = sourcecode.c.h; path = ViewController.h; sourceTree = "<group>"; };
		A9C67A231B57ED0100010951 /* ViewController.m */ = {isa = PBXFileReference; lastKnownFileType = sourcecode.c.objc; path = ViewController.m; sourceTree = "<group>"; };
		A9C67A261B57ED0100010951 /* Base */ = {isa = PBXFileReference; lastKnownFileType = file.storyboard; name = Base; path = Base.lproj/Main.storyboard; sourceTree = "<group>"; };
		A9C67A281B57ED0100010951 /* Images.xcassets */ = {isa = PBXFileReference; lastKnownFileType = folder.assetcatalog; path = Images.xcassets; sourceTree = "<group>"; };
		A9C67A2B1B57ED0100010951 /* Base */ = {isa = PBXFileReference; lastKnownFileType = file.xib; name = Base; path = Base.lproj/LaunchScreen.xib; sourceTree = "<group>"; };
		A9C67A311B57ED0100010951 /* SharryyTests.xctest */ = {isa = PBXFileReference; explicitFileType = wrapper.cfbundle; includeInIndex = 0; path = SharryyTests.xctest; sourceTree = BUILT_PRODUCTS_DIR; };
		A9C67A361B57ED0100010951 /* Info.plist */ = {isa = PBXFileReference; lastKnownFileType = text.plist.xml; path = Info.plist; sourceTree = "<group>"; };
		A9C67A371B57ED0100010951 /* SharryyTests.m */ = {isa = PBXFileReference; lastKnownFileType = sourcecode.c.objc; path = SharryyTests.m; sourceTree = "<group>"; };
/* End PBXFileReference section */

/* Begin PBXFrameworksBuildPhase section */
		A9C67A151B57ED0100010951 /* Frameworks */ = {
			isa = PBXFrameworksBuildPhase;
			buildActionMask = 2147483647;
			files = (
			);
			runOnlyForDeploymentPostprocessing = 0;
		};
		A9C67A2E1B57ED0100010951 /* Frameworks */ = {
			isa = PBXFrameworksBuildPhase;
			buildActionMask = 2147483647;
			files = (
			);
			runOnlyForDeploymentPostprocessing = 0;
		};
/* End PBXFrameworksBuildPhase section */

/* Begin PBXGroup section */
		A9C67A0F1B57ED0100010951 = {
			isa = PBXGroup;
			children = (
				A9C67A1A1B57ED0100010951 /* Sharryy */,
				A9C67A341B57ED0100010951 /* SharryyTests */,
				A9C67A191B57ED0100010951 /* Products */,
			);
			sourceTree = "<group>";
		};
		A9C67A191B57ED0100010951 /* Products */ = {
			isa = PBXGroup;
			children = (
				A9C67A181B57ED0100010951 /* Sharryy.app */,
				A9C67A311B57ED0100010951 /* SharryyTests.xctest */,
			);
			name = Products;
			sourceTree = "<group>";
		};
		A9C67A1A1B57ED0100010951 /* Sharryy */ = {
			isa = PBXGroup;
			children = (
				A9C67A1F1B57ED0100010951 /* AppDelegate.h */,
				A9C67A201B57ED0100010951 /* AppDelegate.m */,
				A9C67A221B57ED0100010951 /* ViewController.h */,
				A9C67A231B57ED0100010951 /* ViewController.m */,
				A9C67A251B57ED0100010951 /* Main.storyboard */,
				A9C67A281B57ED0100010951 /* Images.xcassets */,
				A9C67A2A1B57ED0100010951 /* LaunchScreen.xib */,
				A9C67A1B1B57ED0100010951 /* Supporting Files */,
				A97CEFAE1B57F2F0000BCBF7 /* Storyboard_1.storyboard */,
				A959C4881B57F15600FA1481 /* Storyboard_2.storyboard */,
				A959C48A1B57F16500FA1481 /* Storyboard_3.storyboard */,
			);
			path = Sharryy;
			sourceTree = "<group>";
		};
		A9C67A1B1B57ED0100010951 /* Supporting Files */ = {
			isa = PBXGroup;
			children = (
				A9C67A1C1B57ED0100010951 /* Info.plist */,
				A9C67A1D1B57ED0100010951 /* main.m */,
			);
			name = "Supporting Files";
			sourceTree = "<group>";
		};
		A9C67A341B57ED0100010951 /* SharryyTests */ = {
			isa = PBXGroup;
			children = (
				A9C67A371B57ED0100010951 /* SharryyTests.m */,
				A9C67A351B57ED0100010951 /* Supporting Files */,
			);
			path = SharryyTests;
			sourceTree = "<group>";
		};
		A9C67A351B57ED0100010951 /* Supporting Files */ = {
			isa = PBXGroup;
			children = (
				A9C67A361B57ED0100010951 /* Info.plist */,
			);
			name = "Supporting Files";
			sourceTree = "<group>";
		};
/* End PBXGroup section */

/* Begin PBXNativeTarget section */
		A9C67A171B57ED0100010951 /* Sharryy */ = {
			isa = PBXNativeTarget;
			buildConfigurationList = A9C67A3B1B57ED0100010951 /* Build configuration list for PBXNativeTarget "Sharryy" */;
			buildPhases = (
				A9C67A141B57ED0100010951 /* Sources */,
				A9C67A151B57ED0100010951 /* Frameworks */,
				A9C67A161B57ED0100010951 /* Resources */,
			);
			buildRules = (
			);
			dependencies = (
			);
			name = Sharryy;
			productName = Sharryy;
			productReference = A9C67A181B57ED0100010951 /* Sharryy.app */;
			productType = "com.apple.product-type.application";
		};
		A9C67A301B57ED0100010951 /* SharryyTests */ = {
			isa = PBXNativeTarget;
			buildConfigurationList = A9C67A3E1B57ED0100010951 /* Build configuration list for PBXNativeTarget "SharryyTests" */;
			buildPhases = (
				A9C67A2D1B57ED0100010951 /* Sources */,
				A9C67A2E1B57ED0100010951 /* Frameworks */,
				A9C67A2F1B57ED0100010951 /* Resources */,
			);
			buildRules = (
			);
			dependencies = (
				A9C67A331B57ED0100010951 /* PBXTargetDependency */,
			);
			name = SharryyTests;
			productName = SharryyTests;
			productReference = A9C67A311B57ED0100010951 /* SharryyTests.xctest */;
			productType = "com.apple.product-type.bundle.unit-test";
		};
/* End PBXNativeTarget section */

/* Begin PBXProject section */
		A9C67A101B57ED0100010951 /* Project object */ = {
			isa = PBXProject;
			attributes = {
				LastUpgradeCheck = 0630;
				ORGANIZATIONNAME = indianic;
				TargetAttributes = {
					A9C67A171B57ED0100010951 = {
						CreatedOnToolsVersion = 6.3.2;
					};
					A9C67A301B57ED0100010951 = {
						CreatedOnToolsVersion = 6.3.2;
						TestTargetID = A9C67A171B57ED0100010951;
					};
				};
			};
			buildConfigurationList = A9C67A131B57ED0100010951 /* Build configuration list for PBXProject "Sharryy" */;
			compatibilityVersion = "Xcode 3.2";
			developmentRegion = English;
			hasScannedForEncodings = 0;
			knownRegions = (
				en,
				Base,
			);
			mainGroup = A9C67A0F1B57ED0100010951;
			productRefGroup = A9C67A191B57ED0100010951 /* Products */;
			projectDirPath = "";
			projectRoot = "";
			targets = (
				A9C67A171B57ED0100010951 /* Sharryy */,
				A9C67A301B57ED0100010951 /* SharryyTests */,
			);
		};
/* End PBXProject section */

/* Begin PBXResourcesBuildPhase section */
		A9C67A161B57ED0100010951 /* Resources */ = {
			isa = PBXResourcesBuildPhase;
			buildActionMask = 2147483647;
			files = (
				A9C67A271B57ED0100010951 /* Main.storyboard in Resources */,
				A9C67A2C1B57ED0100010951 /* LaunchScreen.xib in Resources */,
				A9C67A291B57ED0100010951 /* Images.xcassets in Resources */,
				A959C48B1B57F16500FA1481 /* Storyboard_3.storyboard in Resources */,
				A97CEFAF1B57F2F0000BCBF7 /* Storyboard_1.storyboard in Resources */,
				A959C4891B57F15600FA1481 /* Storyboard_2.storyboard in Resources */,
			);
			runOnlyForDeploymentPostprocessing = 0;
		};
		A9C67A2F1B57ED0100010951 /* Resources */ = {
			isa = PBXResourcesBuildPhase;
			buildActionMask = 2147483647;
			files = (
			);
			runOnlyForDeploymentPostprocessing = 0;
		};
/* End PBXResourcesBuildPhase section */

/* Begin PBXSourcesBuildPhase section */
		A9C67A141B57ED0100010951 /* Sources */ = {
			isa = PBXSourcesBuildPhase;
			buildActionMask = 2147483647;
			files = (
				A9C67A241B57ED0100010951 /* ViewController.m in Sources */,
				A9C67A211B57ED0100010951 /* AppDelegate.m in Sources */,
				A9C67A1E1B57ED0100010951 /* main.m in Sources */,
			);
			runOnlyForDeploymentPostprocessing = 0;
		};
		A9C67A2D1B57ED0100010951 /* Sources */ = {
			isa = PBXSourcesBuildPhase;
			buildActionMask = 2147483647;
			files = (
				A9C67A381B57ED0100010951 /* SharryyTests.m in Sources */,
			);
			runOnlyForDeploymentPostprocessing = 0;
		};
/* End PBXSourcesBuildPhase section */

/* Begin PBXTargetDependency section */
		A9C67A331B57ED0100010951 /* PBXTargetDependency */ = {
			isa = PBXTargetDependency;
			target = A9C67A171B57ED0100010951 /* Sharryy */;
			targetProxy = A9C67A321B57ED0100010951 /* PBXContainerItemProxy */;
		};
/* End PBXTargetDependency section */

/* Begin PBXVariantGroup section */
		A9C67A251B57ED0100010951 /* Main.storyboard */ = {
			isa = PBXVariantGroup;
			children = (
				A9C67A261B57ED0100010951 /* Base */,
			);
			name = Main.storyboard;
			sourceTree = "<group>";
		};
		A9C67A2A1B57ED0100010951 /* LaunchScreen.xib */ = {
			isa = PBXVariantGroup;
			children = (
				A9C67A2B1B57ED0100010951 /* Base */,
			);
			name = LaunchScreen.xib;
			sourceTree = "<group>";
		};
/* End PBXVariantGroup section */

/* Begin XCBuildConfiguration section */
		A9C67A391B57ED0100010951 /* Debug */ = {
			isa = XCBuildConfiguration;
			buildSettings = {
				ALWAYS_SEARCH_USER_PATHS = NO;
				CLANG_CXX_LANGUAGE_STANDARD = "gnu++0x";
				CLANG_CXX_LIBRARY = "libc++";
				CLANG_ENABLE_MODULES = YES;
				CLANG_ENABLE_OBJC_ARC = YES;
				CLANG_WARN_BOOL_CONVERSION = YES;
				CLANG_WARN_CONSTANT_CONVERSION = YES;
				CLANG_WARN_DIRECT_OBJC_ISA_USAGE = YES_ERROR;
				CLANG_WARN_EMPTY_BODY = YES;
				CLANG_WARN_ENUM_CONVERSION = YES;
				CLANG_WARN_INT_CONVERSION = YES;
				CLANG_WARN_OBJC_ROOT_CLASS = YES_ERROR;
				CLANG_WARN_UNREACHABLE_CODE = YES;
				CLANG_WARN__DUPLICATE_METHOD_MATCH = YES;
				"CODE_SIGN_IDENTITY[sdk=iphoneos*]" = "iPhone Developer";
				COPY_PHASE_STRIP = NO;
				DEBUG_INFORMATION_FORMAT = "dwarf-with-dsym";
				ENABLE_STRICT_OBJC_MSGSEND = YES;
				GCC_C_LANGUAGE_STANDARD = gnu99;
				GCC_DYNAMIC_NO_PIC = NO;
				GCC_NO_COMMON_BLOCKS = YES;
				GCC_OPTIMIZATION_LEVEL = 0;
				GCC_PREPROCESSOR_DEFINITIONS = (
					"DEBUG=1",
					"$(inherited)",
				);
				GCC_SYMBOLS_PRIVATE_EXTERN = NO;
				GCC_WARN_64_TO_32_BIT_CONVERSION = YES;
				GCC_WARN_ABOUT_RETURN_TYPE = YES_ERROR;
				GCC_WARN_UNDECLARED_SELECTOR = YES;
				GCC_WARN_UNINITIALIZED_AUTOS = YES_AGGRESSIVE;
				GCC_WARN_UNUSED_FUNCTION = YES;
				GCC_WARN_UNUSED_VARIABLE = YES;
				IPHONEOS_DEPLOYMENT_TARGET = 8.3;
				MTL_ENABLE_DEBUG_INFO = YES;
				ONLY_ACTIVE_ARCH = YES;
				SDKROOT = iphoneos;
			};
			name = Debug;
		};
		A9C67A3A1B57ED0100010951 /* Release */ = {
			isa = XCBuildConfiguration;
			buildSettings = {
				ALWAYS_SEARCH_USER_PATHS = NO;
				CLANG_CXX_LANGUAGE_STANDARD = "gnu++0x";
				CLANG_CXX_LIBRARY = "libc++";
				CLANG_ENABLE_MODULES = YES;
				CLANG_ENABLE_OBJC_ARC = YES;
				CLANG_WARN_BOOL_CONVERSION = YES;
				CLANG_WARN_CONSTANT_CONVERSION = YES;
				CLANG_WARN_DIRECT_OBJC_ISA_USAGE = YES_ERROR;
				CLANG_WARN_EMPTY_BODY = YES;
				CLANG_WARN_ENUM_CONVERSION = YES;
				CLANG_WARN_INT_CONVERSION = YES;
				CLANG_WARN_OBJC_ROOT_CLASS = YES_ERROR;
				CLANG_WARN_UNREACHABLE_CODE = YES;
				CLANG_WARN__DUPLICATE_METHOD_MATCH = YES;
				"CODE_SIGN_IDENTITY[sdk=iphoneos*]" = "iPhone Developer";
				COPY_PHASE_STRIP = NO;
				DEBUG_INFORMATION_FORMAT = "dwarf-with-dsym";
				ENABLE_NS_ASSERTIONS = NO;
				ENABLE_STRICT_OBJC_MSGSEND = YES;
				GCC_C_LANGUAGE_STANDARD = gnu99;
				GCC_NO_COMMON_BLOCKS = YES;
				GCC_WARN_64_TO_32_BIT_CONVERSION = YES;
				GCC_WARN_ABOUT_RETURN_TYPE = YES_ERROR;
				GCC_WARN_UNDECLARED_SELECTOR = YES;
				GCC_WARN_UNINITIALIZED_AUTOS = YES_AGGRESSIVE;
				GCC_WARN_UNUSED_FUNCTION = YES;
				GCC_WARN_UNUSED_VARIABLE = YES;
				IPHONEOS_DEPLOYMENT_TARGET = 8.3;
				MTL_ENABLE_DEBUG_INFO = NO;
				SDKROOT = iphoneos;
				VALIDATE_PRODUCT = YES;
			};
			name = Release;
		};
		A9C67A3C1B57ED0100010951 /* Debug */ = {
			isa = XCBuildConfiguration;
			buildSettings = {
				ASSETCATALOG_COMPILER_APPICON_NAME = AppIcon;
				INFOPLIST_FILE = Sharryy/Info.plist;
				LD_RUNPATH_SEARCH_PATHS = "$(inherited) @executable_path/Frameworks";
				PRODUCT_NAME = "$(TARGET_NAME)";
			};
			name = Debug;
		};
		A9C67A3D1B57ED0100010951 /* Release */ = {
			isa = XCBuildConfiguration;
			buildSettings = {
				ASSETCATALOG_COMPILER_APPICON_NAME = AppIcon;
				INFOPLIST_FILE = Sharryy/Info.plist;
				LD_RUNPATH_SEARCH_PATHS = "$(inherited) @executable_path/Frameworks";
				PRODUCT_NAME = "$(TARGET_NAME)";
			};
			name = Release;
		};
		A9C67A3F1B57ED0100010951 /* Debug */ = {
			isa = XCBuildConfiguration;
			buildSettings = {
				BUNDLE_LOADER = "$(TEST_HOST)";
				FRAMEWORK_SEARCH_PATHS = (
					"$(SDKROOT)/Developer/Library/Frameworks",
					"$(inherited)",
				);
				GCC_PREPROCESSOR_DEFINITIONS = (
					"DEBUG=1",
					"$(inherited)",
				);
				INFOPLIST_FILE = SharryyTests/Info.plist;
				LD_RUNPATH_SEARCH_PATHS = "$(inherited) @executable_path/Frameworks @loader_path/Frameworks";
				PRODUCT_NAME = "$(TARGET_NAME)";
				TEST_HOST = "$(BUILT_PRODUCTS_DIR)/Sharryy.app/Sharryy";
			};
			name = Debug;
		};
		A9C67A401B57ED0100010951 /* Release */ = {
			isa = XCBuildConfiguration;
			buildSettings = {
				BUNDLE_LOADER = "$(TEST_HOST)";
				FRAMEWORK_SEARCH_PATHS = (
					"$(SDKROOT)/Developer/Library/Frameworks",
					"$(inherited)",
				);
				INFOPLIST_FILE = SharryyTests/Info.plist;
				LD_RUNPATH_SEARCH_PATHS = "$(inherited) @executable_path/Frameworks @loader_path/Frameworks";
				PRODUCT_NAME = "$(TARGET_NAME)";
				TEST_HOST = "$(BUILT_PRODUCTS_DIR)/Sharryy.app/Sharryy";
			};
			name = Release;
		};
/* End XCBuildConfiguration section */

/* Begin XCConfigurationList section */
		A9C67A131B57ED0100010951 /* Build configuration list for PBXProject "Sharryy" */ = {
			isa = XCConfigurationList;
			buildConfigurations = (
				A9C67A391B57ED0100010951 /* Debug */,
				A9C67A3A1B57ED0100010951 /* Release */,
			);
			defaultConfigurationIsVisible = 0;
			defaultConfigurationName = Release;
		};
		A9C67A3B1B57ED0100010951 /* Build configuration list for PBXNativeTarget "Sharryy" */ = {
			isa = XCConfigurationList;
			buildConfigurations = (
				A9C67A3C1B57ED0100010951 /* Debug */,
				A9C67A3D1B57ED0100010951 /* Release */,
			);
			defaultConfigurationIsVisible = 0;
			defaultConfigurationName = Release;
		};
		A9C67A3E1B57ED0100010951 /* Build configuration list for PBXNativeTarget "SharryyTests" */ = {
			isa = XCConfigurationList;
			buildConfigurations = (
				A9C67A3F1B57ED0100010951 /* Debug */,
				A9C67A401B57ED0100010951 /* Release */,
			);
			defaultConfigurationIsVisible = 0;
			defaultConfigurationName = Release;
		};
/* End XCConfigurationList section */
	};
	rootObject = A9C67A101B57ED0100010951 /* Project object */;
}
